
Microsoft Visual Studio Solution File, Format Version 12.00
Project("{2150E333-8FDC-42A3-9474-1A3956D46DE8}") = "Week2", "Week2", "{9BE74432-4CDB-422F-BF1D-7BF1503D3B93}"
EndProject
Project("{FAE04EC0-301F-11D3-BF4B-00C04F79EFBC}") = "JITDemo", "Week2\JITDemo\JITDemo.csproj", "{CC622C41-EFFE-4111-BE74-5DA7776CE033}"
EndProject
Project("{FAE04EC0-301F-11D3-BF4B-00C04F79EFBC}") = "GCDemo", "Week2\GCDemo\GCDemo.csproj", "{C4FA9B5E-3175-4D7E-B1D9-702EBEB0D296}"
EndProject
Project("{FAE04EC0-301F-11D3-BF4B-00C04F79EFBC}") = "WebApplication1", "Week2\WebApplication1\WebApplication1.csproj", "{D499EB96-7636-4679-9E64-4A530E7F68F5}"
EndProject
Project("{2150E333-8FDC-42A3-9474-1A3956D46DE8}") = "Week3", "Week3", "{8B4CDEA3-FA6F-4C4A-9256-3F0119F9BE11}"
EndProject
Project("{FAE04EC0-301F-11D3-BF4B-00C04F79EFBC}") = "MetricsDemo", "Week3\MetricsDemo\MetricsDemo.csproj", "{F44CC901-5E4E-4B97-BA10-679352A88CAE}"
EndProject
Project("{FAE04EC0-301F-11D3-BF4B-00C04F79EFBC}") = "BenchmarkDemo", "Week3\BenchmarkDemo\BenchmarkDemo.csproj", "{A8227369-E19D-4177-8888-F6721E66DCAF}"
EndProject
Project("{FAE04EC0-301F-11D3-BF4B-00C04F79EFBC}") = "WebApplication1", "Week3\WebApplication1\WebApplication1.csproj", "{3F9D28DF-B787-472B-BB75-3D5D65ED84F9}"
EndProject
Project("{2150E333-8FDC-42A3-9474-1A3956D46DE8}") = "Week5", "Week5", "{74193BF6-5229-CF04-E684-3ACD8A549AE2}"
	ProjectSection(SolutionItems) = preProject
		Week5\dotNetInteractiveNotebooks\WeakReference.dib = Week5\dotNetInteractiveNotebooks\WeakReference.dib
		Week5\dotNetInteractiveNotebooks\Pooling.dib = Week5\dotNetInteractiveNotebooks\Pooling.dib
	EndProjectSection
EndProject
Project("{2150E333-8FDC-42A3-9474-1A3956D46DE8}") = "Week6", "Week6", "{268F06F5-265D-45B4-A60D-6F48784BC90B}"
EndProject
Project("{FAE04EC0-301F-11D3-BF4B-00C04F79EFBC}") = "ConsoleApp1", "Week6\ConsoleApp1\ConsoleApp1.csproj", "{D15434CF-EF4C-445B-8071-02FBE10748E4}"
EndProject
Project("{FAE04EC0-301F-11D3-BF4B-00C04F79EFBC}") = "WebApplication1", "Week6\WebApplication1\WebApplication1.csproj", "{02057A7D-D5C6-427E-AEEA-9A2B0F5491F8}"
EndProject
Project("{FAE04EC0-301F-11D3-BF4B-00C04F79EFBC}") = "ConsoleApp2", "Week6\ConsoleApp2\ConsoleApp2.csproj", "{D35B0B10-CB08-4B2B-AEA9-59BED6851DD3}"
EndProject
Project("{FAE04EC0-301F-11D3-BF4B-00C04F79EFBC}") = "LinqDemo", "Week2\LinqDemo\LinqDemo.csproj", "{DD1F90FE-E0FA-4721-8DDC-17A6DE52ADCF}"
EndProject
Project("{FAE04EC0-301F-11D3-BF4B-00C04F79EFBC}") = "ChannelDemo", "Week2\ChannelDemo\ChannelDemo.csproj", "{0BFD2CCA-036B-4B89-BDE1-B44597E4BABE}"
EndProject
Project("{2150E333-8FDC-42A3-9474-1A3956D46DE8}") = "SimpleTaxReceiptGenerator", "SimpleTaxReceiptGenerator", "{DA93FC43-BE43-468B-A560-F8AD3D04F70E}"
EndProject
Project("{FAE04EC0-301F-11D3-BF4B-00C04F79EFBC}") = "SimpleTaxReceiptGenerator.Client", "Week3\SimpleTaxReceiptGenerator\SimpleTaxReceiptGenerator.Client\SimpleTaxReceiptGenerator.Client.csproj", "{FAD6B6BC-B099-45D0-B5AD-6ABC0A575390}"
EndProject
Project("{FAE04EC0-301F-11D3-BF4B-00C04F79EFBC}") = "SimpleTaxReceiptGenerator.Benchmarks", "Week3\SimpleTaxReceiptGenerator\SimpleTaxReceiptGenerator.Benchmarks\SimpleTaxReceiptGenerator.Benchmarks.csproj", "{DA66BD80-65DD-442C-B680-5085D0BA86C4}"
EndProject
Project("{FAE04EC0-301F-11D3-BF4B-00C04F79EFBC}") = "SimpleTaxReceiptGenerator.Services", "Week3\SimpleTaxReceiptGenerator\SimpleTaxReceiptGenerator.Services\SimpleTaxReceiptGenerator.Services.csproj", "{164D61DF-E909-4C6E-800B-58289AE095AD}"
EndProject
Global
	GlobalSection(SolutionConfigurationPlatforms) = preSolution
		Debug|Any CPU = Debug|Any CPU
		Release|Any CPU = Release|Any CPU
	EndGlobalSection
	GlobalSection(ProjectConfigurationPlatforms) = postSolution
		{CC622C41-EFFE-4111-BE74-5DA7776CE033}.Debug|Any CPU.ActiveCfg = Debug|Any CPU
		{CC622C41-EFFE-4111-BE74-5DA7776CE033}.Debug|Any CPU.Build.0 = Debug|Any CPU
		{CC622C41-EFFE-4111-BE74-5DA7776CE033}.Release|Any CPU.ActiveCfg = Release|Any CPU
		{CC622C41-EFFE-4111-BE74-5DA7776CE033}.Release|Any CPU.Build.0 = Release|Any CPU
		{C4FA9B5E-3175-4D7E-B1D9-702EBEB0D296}.Debug|Any CPU.ActiveCfg = Debug|Any CPU
		{C4FA9B5E-3175-4D7E-B1D9-702EBEB0D296}.Debug|Any CPU.Build.0 = Debug|Any CPU
		{C4FA9B5E-3175-4D7E-B1D9-702EBEB0D296}.Release|Any CPU.ActiveCfg = Release|Any CPU
		{C4FA9B5E-3175-4D7E-B1D9-702EBEB0D296}.Release|Any CPU.Build.0 = Release|Any CPU
		{D499EB96-7636-4679-9E64-4A530E7F68F5}.Debug|Any CPU.ActiveCfg = Debug|Any CPU
		{D499EB96-7636-4679-9E64-4A530E7F68F5}.Debug|Any CPU.Build.0 = Debug|Any CPU
		{D499EB96-7636-4679-9E64-4A530E7F68F5}.Release|Any CPU.ActiveCfg = Release|Any CPU
		{D499EB96-7636-4679-9E64-4A530E7F68F5}.Release|Any CPU.Build.0 = Release|Any CPU
		{F44CC901-5E4E-4B97-BA10-679352A88CAE}.Debug|Any CPU.ActiveCfg = Debug|Any CPU
		{F44CC901-5E4E-4B97-BA10-679352A88CAE}.Debug|Any CPU.Build.0 = Debug|Any CPU
		{F44CC901-5E4E-4B97-BA10-679352A88CAE}.Release|Any CPU.ActiveCfg = Release|Any CPU
		{F44CC901-5E4E-4B97-BA10-679352A88CAE}.Release|Any CPU.Build.0 = Release|Any CPU
		{A8227369-E19D-4177-8888-F6721E66DCAF}.Debug|Any CPU.ActiveCfg = Debug|Any CPU
		{A8227369-E19D-4177-8888-F6721E66DCAF}.Debug|Any CPU.Build.0 = Debug|Any CPU
		{A8227369-E19D-4177-8888-F6721E66DCAF}.Release|Any CPU.ActiveCfg = Release|Any CPU
		{A8227369-E19D-4177-8888-F6721E66DCAF}.Release|Any CPU.Build.0 = Release|Any CPU
		{3F9D28DF-B787-472B-BB75-3D5D65ED84F9}.Debug|Any CPU.ActiveCfg = Debug|Any CPU
		{3F9D28DF-B787-472B-BB75-3D5D65ED84F9}.Debug|Any CPU.Build.0 = Debug|Any CPU
		{3F9D28DF-B787-472B-BB75-3D5D65ED84F9}.Release|Any CPU.ActiveCfg = Release|Any CPU
		{3F9D28DF-B787-472B-BB75-3D5D65ED84F9}.Release|Any CPU.Build.0 = Release|Any CPU
		{D15434CF-EF4C-445B-8071-02FBE10748E4}.Debug|Any CPU.ActiveCfg = Debug|Any CPU
		{D15434CF-EF4C-445B-8071-02FBE10748E4}.Debug|Any CPU.Build.0 = Debug|Any CPU
		{D15434CF-EF4C-445B-8071-02FBE10748E4}.Release|Any CPU.ActiveCfg = Release|Any CPU
		{D15434CF-EF4C-445B-8071-02FBE10748E4}.Release|Any CPU.Build.0 = Release|Any CPU
		{02057A7D-D5C6-427E-AEEA-9A2B0F5491F8}.Debug|Any CPU.ActiveCfg = Debug|Any CPU
		{02057A7D-D5C6-427E-AEEA-9A2B0F5491F8}.Debug|Any CPU.Build.0 = Debug|Any CPU
		{02057A7D-D5C6-427E-AEEA-9A2B0F5491F8}.Release|Any CPU.ActiveCfg = Release|Any CPU
		{02057A7D-D5C6-427E-AEEA-9A2B0F5491F8}.Release|Any CPU.Build.0 = Release|Any CPU
		{D35B0B10-CB08-4B2B-AEA9-59BED6851DD3}.Debug|Any CPU.ActiveCfg = Debug|Any CPU
		{D35B0B10-CB08-4B2B-AEA9-59BED6851DD3}.Debug|Any CPU.Build.0 = Debug|Any CPU
		{D35B0B10-CB08-4B2B-AEA9-59BED6851DD3}.Release|Any CPU.ActiveCfg = Release|Any CPU
		{D35B0B10-CB08-4B2B-AEA9-59BED6851DD3}.Release|Any CPU.Build.0 = Release|Any CPU
		{DD1F90FE-E0FA-4721-8DDC-17A6DE52ADCF}.Debug|Any CPU.ActiveCfg = Debug|Any CPU
		{DD1F90FE-E0FA-4721-8DDC-17A6DE52ADCF}.Debug|Any CPU.Build.0 = Debug|Any CPU
		{DD1F90FE-E0FA-4721-8DDC-17A6DE52ADCF}.Release|Any CPU.ActiveCfg = Release|Any CPU
		{DD1F90FE-E0FA-4721-8DDC-17A6DE52ADCF}.Release|Any CPU.Build.0 = Release|Any CPU
		{0BFD2CCA-036B-4B89-BDE1-B44597E4BABE}.Debug|Any CPU.ActiveCfg = Debug|Any CPU
		{0BFD2CCA-036B-4B89-BDE1-B44597E4BABE}.Debug|Any CPU.Build.0 = Debug|Any CPU
		{0BFD2CCA-036B-4B89-BDE1-B44597E4BABE}.Release|Any CPU.ActiveCfg = Release|Any CPU
		{0BFD2CCA-036B-4B89-BDE1-B44597E4BABE}.Release|Any CPU.Build.0 = Release|Any CPU
		{FAD6B6BC-B099-45D0-B5AD-6ABC0A575390}.Debug|Any CPU.ActiveCfg = Debug|Any CPU
		{FAD6B6BC-B099-45D0-B5AD-6ABC0A575390}.Debug|Any CPU.Build.0 = Debug|Any CPU
		{FAD6B6BC-B099-45D0-B5AD-6ABC0A575390}.Release|Any CPU.ActiveCfg = Release|Any CPU
		{FAD6B6BC-B099-45D0-B5AD-6ABC0A575390}.Release|Any CPU.Build.0 = Release|Any CPU
		{DA66BD80-65DD-442C-B680-5085D0BA86C4}.Debug|Any CPU.ActiveCfg = Debug|Any CPU
		{DA66BD80-65DD-442C-B680-5085D0BA86C4}.Debug|Any CPU.Build.0 = Debug|Any CPU
		{DA66BD80-65DD-442C-B680-5085D0BA86C4}.Release|Any CPU.ActiveCfg = Release|Any CPU
		{DA66BD80-65DD-442C-B680-5085D0BA86C4}.Release|Any CPU.Build.0 = Release|Any CPU
		{164D61DF-E909-4C6E-800B-58289AE095AD}.Debug|Any CPU.ActiveCfg = Debug|Any CPU
		{164D61DF-E909-4C6E-800B-58289AE095AD}.Debug|Any CPU.Build.0 = Debug|Any CPU
		{164D61DF-E909-4C6E-800B-58289AE095AD}.Release|Any CPU.ActiveCfg = Release|Any CPU
		{164D61DF-E909-4C6E-800B-58289AE095AD}.Release|Any CPU.Build.0 = Release|Any CPU
	EndGlobalSection
	GlobalSection(SolutionProperties) = preSolution
		HideSolutionNode = FALSE
	EndGlobalSection
	GlobalSection(NestedProjects) = preSolution
		{CC622C41-EFFE-4111-BE74-5DA7776CE033} = {9BE74432-4CDB-422F-BF1D-7BF1503D3B93}
		{C4FA9B5E-3175-4D7E-B1D9-702EBEB0D296} = {9BE74432-4CDB-422F-BF1D-7BF1503D3B93}
		{D499EB96-7636-4679-9E64-4A530E7F68F5} = {9BE74432-4CDB-422F-BF1D-7BF1503D3B93}
		{F44CC901-5E4E-4B97-BA10-679352A88CAE} = {8B4CDEA3-FA6F-4C4A-9256-3F0119F9BE11}
		{A8227369-E19D-4177-8888-F6721E66DCAF} = {8B4CDEA3-FA6F-4C4A-9256-3F0119F9BE11}
		{3F9D28DF-B787-472B-BB75-3D5D65ED84F9} = {8B4CDEA3-FA6F-4C4A-9256-3F0119F9BE11}
		{D15434CF-EF4C-445B-8071-02FBE10748E4} = {268F06F5-265D-45B4-A60D-6F48784BC90B}
		{02057A7D-D5C6-427E-AEEA-9A2B0F5491F8} = {268F06F5-265D-45B4-A60D-6F48784BC90B}
		{D35B0B10-CB08-4B2B-AEA9-59BED6851DD3} = {268F06F5-265D-45B4-A60D-6F48784BC90B}
		{DD1F90FE-E0FA-4721-8DDC-17A6DE52ADCF} = {9BE74432-4CDB-422F-BF1D-7BF1503D3B93}
		{0BFD2CCA-036B-4B89-BDE1-B44597E4BABE} = {9BE74432-4CDB-422F-BF1D-7BF1503D3B93}
		{DA93FC43-BE43-468B-A560-F8AD3D04F70E} = {8B4CDEA3-FA6F-4C4A-9256-3F0119F9BE11}
		{FAD6B6BC-B099-45D0-B5AD-6ABC0A575390} = {DA93FC43-BE43-468B-A560-F8AD3D04F70E}
		{DA66BD80-65DD-442C-B680-5085D0BA86C4} = {DA93FC43-BE43-468B-A560-F8AD3D04F70E}
		{164D61DF-E909-4C6E-800B-58289AE095AD} = {DA93FC43-BE43-468B-A560-F8AD3D04F70E}
	EndGlobalSection
EndGlobal
