
Microsoft Visual Studio Solution File, Format Version 12.00
Project("{FAE04EC0-301F-11D3-BF4B-00C04F79EFBC}") = "CachingDemo", ".\CachingDemo\CachingDemo.csproj", "{B4BAC579-EAE9-440A-BC4C-6C66D42A46B7}"
EndProject
Project("{FAE04EC0-301F-11D3-BF4B-00C04F79EFBC}") = "CachingApiDemo", ".\CachingApiDemo\CachingApiDemo.csproj", "{2EEF7F33-7351-42EE-B2B6-F0A55332DC06}"
EndProject
Global
	GlobalSection(SolutionConfigurationPlatforms) = preSolution
		Debug|Any CPU = Debug|Any CPU
		Release|Any CPU = Release|Any CPU
	EndGlobalSection
	GlobalSection(ProjectConfigurationPlatforms) = postSolution
		{B4BAC579-EAE9-440A-BC4C-6C66D42A46B7}.Debug|Any CPU.ActiveCfg = Debug|Any CPU
		{B4BAC579-EAE9-440A-BC4C-6C66D42A46B7}.Debug|Any CPU.Build.0 = Debug|Any CPU
		{B4BAC579-EAE9-440A-BC4C-6C66D42A46B7}.Release|Any CPU.ActiveCfg = Release|Any CPU
		{B4BAC579-EAE9-440A-BC4C-6C66D42A46B7}.Release|Any CPU.Build.0 = Release|Any CPU
		{2EEF7F33-7351-42EE-B2B6-F0A55332DC06}.Debug|Any CPU.ActiveCfg = Debug|Any CPU
		{2EEF7F33-7351-42EE-B2B6-F0A55332DC06}.Debug|Any CPU.Build.0 = Debug|Any CPU
		{2EEF7F33-7351-42EE-B2B6-F0A55332DC06}.Release|Any CPU.ActiveCfg = Release|Any CPU
		{2EEF7F33-7351-42EE-B2B6-F0A55332DC06}.Release|Any CPU.Build.0 = Release|Any CPU
	EndGlobalSection
EndGlobal
